
Microsoft Visual Studio Solution File, Format Version 12.00
# Visual Studio 15
VisualStudioVersion = 15.0.27703.2035
MinimumVisualStudioVersion = 10.0.40219.1
Project("{FAE04EC0-301F-11D3-BF4B-00C04F79EFBC}") = "NotifyBotApp", "NotifyBotApp\NotifyBotApp.csproj", "{9A4CD846-89E0-44AC-B8FD-153AFD2F338B}"
EndProject
Project("{FAE04EC0-301F-11D3-BF4B-00C04F79EFBC}") = "NotifyBot.Interfaces", "NotifyBot.Interfaces\NotifyBot.Interfaces.csproj", "{5C677734-9F48-4B6F-A842-1516694BD04B}"
EndProject
Project("{FAE04EC0-301F-11D3-BF4B-00C04F79EFBC}") = "SampleBotImpl", "SampleBotImpl\SampleBotImpl.csproj", "{5D7BAE1F-6E49-430C-A1DE-71EA414AFD91}"
EndProject
Project("{FAE04EC0-301F-11D3-BF4B-00C04F79EFBC}") = "FindMyBikeBotImpl", "FindMyBikeBotImpl\FindMyBikeBotImpl.csproj", "{AB7E7FBB-708F-4B22-9BAE-5856B15F2088}"
EndProject
Global
	GlobalSection(SolutionConfigurationPlatforms) = preSolution
		Debug|Any CPU = Debug|Any CPU
		Release|Any CPU = Release|Any CPU
	EndGlobalSection
	GlobalSection(ProjectConfigurationPlatforms) = postSolution
		{9A4CD846-89E0-44AC-B8FD-153AFD2F338B}.Debug|Any CPU.ActiveCfg = Debug|Any CPU
		{9A4CD846-89E0-44AC-B8FD-153AFD2F338B}.Debug|Any CPU.Build.0 = Debug|Any CPU
		{9A4CD846-89E0-44AC-B8FD-153AFD2F338B}.Release|Any CPU.ActiveCfg = Release|Any CPU
		{9A4CD846-89E0-44AC-B8FD-153AFD2F338B}.Release|Any CPU.Build.0 = Release|Any CPU
		{5C677734-9F48-4B6F-A842-1516694BD04B}.Debug|Any CPU.ActiveCfg = Debug|Any CPU
		{5C677734-9F48-4B6F-A842-1516694BD04B}.Debug|Any CPU.Build.0 = Debug|Any CPU
		{5C677734-9F48-4B6F-A842-1516694BD04B}.Release|Any CPU.ActiveCfg = Release|Any CPU
		{5C677734-9F48-4B6F-A842-1516694BD04B}.Release|Any CPU.Build.0 = Release|Any CPU
		{5D7BAE1F-6E49-430C-A1DE-71EA414AFD91}.Debug|Any CPU.ActiveCfg = Debug|Any CPU
		{5D7BAE1F-6E49-430C-A1DE-71EA414AFD91}.Debug|Any CPU.Build.0 = Debug|Any CPU
		{5D7BAE1F-6E49-430C-A1DE-71EA414AFD91}.Release|Any CPU.ActiveCfg = Release|Any CPU
		{5D7BAE1F-6E49-430C-A1DE-71EA414AFD91}.Release|Any CPU.Build.0 = Release|Any CPU
		{AB7E7FBB-708F-4B22-9BAE-5856B15F2088}.Debug|Any CPU.ActiveCfg = Debug|Any CPU
		{AB7E7FBB-708F-4B22-9BAE-5856B15F2088}.Debug|Any CPU.Build.0 = Debug|Any CPU
		{AB7E7FBB-708F-4B22-9BAE-5856B15F2088}.Release|Any CPU.ActiveCfg = Release|Any CPU
		{AB7E7FBB-708F-4B22-9BAE-5856B15F2088}.Release|Any CPU.Build.0 = Release|Any CPU
	EndGlobalSection
	GlobalSection(SolutionProperties) = preSolution
		HideSolutionNode = FALSE
	EndGlobalSection
	GlobalSection(ExtensibilityGlobals) = postSolution
		SolutionGuid = {480FBD3D-C3DC-46FD-8765-1E249494155C}
	EndGlobalSection
EndGlobal
